
Microsoft Visual Studio Solution File, Format Version 12.00
# Visual Studio Version 17
VisualStudioVersion = 17.1.32228.430
MinimumVisualStudioVersion = 10.0.40219.1
Project("{FAE04EC0-301F-11D3-BF4B-00C04F79EFBC}") = "TP4", "TP4\TP4.csproj", "{829E7BEA-24D9-4822-84BA-82C5368681F0}"
EndProject
Global
	GlobalSection(SolutionConfigurationPlatforms) = preSolution
		Debug|Any CPU = Debug|Any CPU
		Release|Any CPU = Release|Any CPU
	EndGlobalSection
	GlobalSection(ProjectConfigurationPlatforms) = postSolution
		{829E7BEA-24D9-4822-84BA-82C5368681F0}.Debug|Any CPU.ActiveCfg = Debug|Any CPU
		{829E7BEA-24D9-4822-84BA-82C5368681F0}.Debug|Any CPU.Build.0 = Debug|Any CPU
		{829E7BEA-24D9-4822-84BA-82C5368681F0}.Release|Any CPU.ActiveCfg = Release|Any CPU
		{829E7BEA-24D9-4822-84BA-82C5368681F0}.Release|Any CPU.Build.0 = Release|Any CPU
	EndGlobalSection
	GlobalSection(SolutionProperties) = preSolution
		HideSolutionNode = FALSE
	EndGlobalSection
	GlobalSection(ExtensibilityGlobals) = postSolution
		SolutionGuid = {19E3414D-D548-4A7B-B9C6-7CC38EF3910E}
	EndGlobalSection
EndGlobal
