
Microsoft Visual Studio Solution File, Format Version 12.00
# Visual Studio Version 17
VisualStudioVersion = 17.1.32228.430
MinimumVisualStudioVersion = 10.0.40219.1
Project("{FAE04EC0-301F-11D3-BF4B-00C04F79EFBC}") = "WorkerService", "WorkerService\WorkerService.csproj", "{62E92709-E3CC-43DB-B43D-C5EF24984C3D}"
EndProject
Project("{2150E333-8FDC-42A3-9474-1A3956D46DE8}") = "Presentation", "Presentation", "{AD0C1251-8722-4641-96DA-546417AA00FE}"
EndProject
Project("{2150E333-8FDC-42A3-9474-1A3956D46DE8}") = "Domain", "Domain", "{B3EE5A74-0EF0-4D94-8E79-F335AAAE68CA}"
EndProject
Project("{2150E333-8FDC-42A3-9474-1A3956D46DE8}") = "Infraestructure", "Infraestructure", "{0D42BC6F-A202-4CAE-848D-82F9D7910619}"
EndProject
Project("{FAE04EC0-301F-11D3-BF4B-00C04F79EFBC}") = "Domain", "Domain\Domain.csproj", "{7AA70579-AF8E-41CB-BF6A-24A21ABB43AE}"
EndProject
Project("{FAE04EC0-301F-11D3-BF4B-00C04F79EFBC}") = "Infraestructure", "Infraestructure\Infraestructure.csproj", "{2E7092A6-6D6C-401F-A461-5108B91EFEF5}"
EndProject
Global
	GlobalSection(SolutionConfigurationPlatforms) = preSolution
		Debug|Any CPU = Debug|Any CPU
		Release|Any CPU = Release|Any CPU
	EndGlobalSection
	GlobalSection(ProjectConfigurationPlatforms) = postSolution
		{62E92709-E3CC-43DB-B43D-C5EF24984C3D}.Debug|Any CPU.ActiveCfg = Debug|Any CPU
		{62E92709-E3CC-43DB-B43D-C5EF24984C3D}.Debug|Any CPU.Build.0 = Debug|Any CPU
		{62E92709-E3CC-43DB-B43D-C5EF24984C3D}.Release|Any CPU.ActiveCfg = Release|Any CPU
		{62E92709-E3CC-43DB-B43D-C5EF24984C3D}.Release|Any CPU.Build.0 = Release|Any CPU
		{7AA70579-AF8E-41CB-BF6A-24A21ABB43AE}.Debug|Any CPU.ActiveCfg = Debug|Any CPU
		{7AA70579-AF8E-41CB-BF6A-24A21ABB43AE}.Debug|Any CPU.Build.0 = Debug|Any CPU
		{7AA70579-AF8E-41CB-BF6A-24A21ABB43AE}.Release|Any CPU.ActiveCfg = Release|Any CPU
		{7AA70579-AF8E-41CB-BF6A-24A21ABB43AE}.Release|Any CPU.Build.0 = Release|Any CPU
		{2E7092A6-6D6C-401F-A461-5108B91EFEF5}.Debug|Any CPU.ActiveCfg = Debug|Any CPU
		{2E7092A6-6D6C-401F-A461-5108B91EFEF5}.Debug|Any CPU.Build.0 = Debug|Any CPU
		{2E7092A6-6D6C-401F-A461-5108B91EFEF5}.Release|Any CPU.ActiveCfg = Release|Any CPU
		{2E7092A6-6D6C-401F-A461-5108B91EFEF5}.Release|Any CPU.Build.0 = Release|Any CPU
	EndGlobalSection
	GlobalSection(SolutionProperties) = preSolution
		HideSolutionNode = FALSE
	EndGlobalSection
	GlobalSection(NestedProjects) = preSolution
		{62E92709-E3CC-43DB-B43D-C5EF24984C3D} = {AD0C1251-8722-4641-96DA-546417AA00FE}
		{7AA70579-AF8E-41CB-BF6A-24A21ABB43AE} = {B3EE5A74-0EF0-4D94-8E79-F335AAAE68CA}
		{2E7092A6-6D6C-401F-A461-5108B91EFEF5} = {0D42BC6F-A202-4CAE-848D-82F9D7910619}
	EndGlobalSection
	GlobalSection(ExtensibilityGlobals) = postSolution
		SolutionGuid = {3D652994-95F2-4F1D-9ECA-FA51331AF2C6}
	EndGlobalSection
EndGlobal
